
Microsoft Visual Studio Solution File, Format Version 12.00
# Visual Studio Version 16
VisualStudioVersion = 16.0.31129.286
MinimumVisualStudioVersion = 10.0.40219.1
Project("{FAE04EC0-301F-11D3-BF4B-00C04F79EFBC}") = "ReservationProcessor", "ReservationProcessor\ReservationProcessor.csproj", "{EC6E3178-51D7-4F48-8821-95EC817F1D44}"
EndProject
Global
	GlobalSection(SolutionConfigurationPlatforms) = preSolution
		Debug|Any CPU = Debug|Any CPU
		Release|Any CPU = Release|Any CPU
	EndGlobalSection
	GlobalSection(ProjectConfigurationPlatforms) = postSolution
		{EC6E3178-51D7-4F48-8821-95EC817F1D44}.Debug|Any CPU.ActiveCfg = Debug|Any CPU
		{EC6E3178-51D7-4F48-8821-95EC817F1D44}.Debug|Any CPU.Build.0 = Debug|Any CPU
		{EC6E3178-51D7-4F48-8821-95EC817F1D44}.Release|Any CPU.ActiveCfg = Release|Any CPU
		{EC6E3178-51D7-4F48-8821-95EC817F1D44}.Release|Any CPU.Build.0 = Release|Any CPU
	EndGlobalSection
	GlobalSection(SolutionProperties) = preSolution
		HideSolutionNode = FALSE
	EndGlobalSection
	GlobalSection(ExtensibilityGlobals) = postSolution
		SolutionGuid = {78DF14B2-D546-43B6-AE71-86224F929ED6}
	EndGlobalSection
EndGlobal
